
Microsoft Visual Studio Solution File, Format Version 12.00
# Visual Studio 15
VisualStudioVersion = 15.0.27004.2005
MinimumVisualStudioVersion = 10.0.40219.1
Project("{9A19103F-16F7-4668-BE54-9A1E7A4F7556}") = "interpreter", "interpreter.csproj", "{67A5FC03-44BD-4623-98C1-F99C998C552A}"
EndProject
Global
	GlobalSection(SolutionConfigurationPlatforms) = preSolution
		Debug|Any CPU = Debug|Any CPU
		Release|Any CPU = Release|Any CPU
	EndGlobalSection
	GlobalSection(ProjectConfigurationPlatforms) = postSolution
		{67A5FC03-44BD-4623-98C1-F99C998C552A}.Debug|Any CPU.ActiveCfg = Debug|Any CPU
		{67A5FC03-44BD-4623-98C1-F99C998C552A}.Debug|Any CPU.Build.0 = Debug|Any CPU
		{67A5FC03-44BD-4623-98C1-F99C998C552A}.Release|Any CPU.ActiveCfg = Release|Any CPU
		{67A5FC03-44BD-4623-98C1-F99C998C552A}.Release|Any CPU.Build.0 = Release|Any CPU
	EndGlobalSection
	GlobalSection(SolutionProperties) = preSolution
		HideSolutionNode = FALSE
	EndGlobalSection
	GlobalSection(ExtensibilityGlobals) = postSolution
		SolutionGuid = {5C3F09F5-DEDC-46C9-82EC-FC813046AD89}
	EndGlobalSection
EndGlobal
